
Microsoft Visual Studio Solution File, Format Version 12.00
# Visual Studio Version 17
VisualStudioVersion = 17.14.37614.0 d17.14
MinimumVisualStudioVersion = 10.0.40219.1
Project("{FAE04EC0-301F-11D3-BF4B-00C04F79EFBC}") = "API", "..\API\API.csproj", "{3B825327-BE3C-E3E9-9DBC-4E1DA6DB1907}"
EndProject
Project("{FAE04EC0-301F-11D3-BF4B-00C04F79EFBC}") = "Client", "..\Client\Client.csproj", "{0B7482F2-FB16-F607-13CC-AB0BA2729980}"
EndProject
Global
	GlobalSection(SolutionConfigurationPlatforms) = preSolution
		Debug|Any CPU = Debug|Any CPU
		Release|Any CPU = Release|Any CPU
	EndGlobalSection
	GlobalSection(ProjectConfigurationPlatforms) = postSolution
		{3B825327-BE3C-E3E9-9DBC-4E1DA6DB1907}.Debug|Any CPU.ActiveCfg = Debug|Any CPU
		{3B825327-BE3C-E3E9-9DBC-4E1DA6DB1907}.Debug|Any CPU.Build.0 = Debug|Any CPU
		{3B825327-BE3C-E3E9-9DBC-4E1DA6DB1907}.Release|Any CPU.ActiveCfg = Release|Any CPU
		{3B825327-BE3C-E3E9-9DBC-4E1DA6DB1907}.Release|Any CPU.Build.0 = Release|Any CPU
		{0B7482F2-FB16-F607-13CC-AB0BA2729980}.Debug|Any CPU.ActiveCfg = Debug|Any CPU
		{0B7482F2-FB16-F607-13CC-AB0BA2729980}.Debug|Any CPU.Build.0 = Debug|Any CPU
		{0B7482F2-FB16-F607-13CC-AB0BA2729980}.Release|Any CPU.ActiveCfg = Release|Any CPU
		{0B7482F2-FB16-F607-13CC-AB0BA2729980}.Release|Any CPU.Build.0 = Release|Any CPU
	EndGlobalSection
	GlobalSection(SolutionProperties) = preSolution
		HideSolutionNode = FALSE
	EndGlobalSection
	GlobalSection(ExtensibilityGlobals) = postSolution
		SolutionGuid = {4E548E88-AB01-49A9-95C9-B63EB4D9D124}
	EndGlobalSection
EndGlobal
